
Microsoft Visual Studio Solution File, Format Version 12.00
# Visual Studio Version 17
VisualStudioVersion = 17.12.35707.178
MinimumVisualStudioVersion = 10.0.40219.1
Project("{FAE04EC0-301F-11D3-BF4B-00C04F79EFBC}") = "TodoList", "TodoList\TodoList.csproj", "{AAD1C550-269C-46A3-BC7D-2AFBF3D096D7}"
EndProject
Project("{54A90642-561A-4BB1-A94E-469ADEE60C69}") = "FrontEnd", "FrontEnd\FrontEnd.esproj", "{E1B0A738-DE18-40E9-93BE-943D9F5B4DFA}"
EndProject
Global
	GlobalSection(SolutionConfigurationPlatforms) = preSolution
		Debug|Any CPU = Debug|Any CPU
		Release|Any CPU = Release|Any CPU
	EndGlobalSection
	GlobalSection(ProjectConfigurationPlatforms) = postSolution
		{AAD1C550-269C-46A3-BC7D-2AFBF3D096D7}.Debug|Any CPU.ActiveCfg = Debug|Any CPU
		{AAD1C550-269C-46A3-BC7D-2AFBF3D096D7}.Debug|Any CPU.Build.0 = Debug|Any CPU
		{AAD1C550-269C-46A3-BC7D-2AFBF3D096D7}.Release|Any CPU.ActiveCfg = Release|Any CPU
		{AAD1C550-269C-46A3-BC7D-2AFBF3D096D7}.Release|Any CPU.Build.0 = Release|Any CPU
		{E1B0A738-DE18-40E9-93BE-943D9F5B4DFA}.Debug|Any CPU.ActiveCfg = Debug|Any CPU
		{E1B0A738-DE18-40E9-93BE-943D9F5B4DFA}.Debug|Any CPU.Build.0 = Debug|Any CPU
		{E1B0A738-DE18-40E9-93BE-943D9F5B4DFA}.Debug|Any CPU.Deploy.0 = Debug|Any CPU
		{E1B0A738-DE18-40E9-93BE-943D9F5B4DFA}.Release|Any CPU.ActiveCfg = Release|Any CPU
		{E1B0A738-DE18-40E9-93BE-943D9F5B4DFA}.Release|Any CPU.Build.0 = Release|Any CPU
		{E1B0A738-DE18-40E9-93BE-943D9F5B4DFA}.Release|Any CPU.Deploy.0 = Release|Any CPU
	EndGlobalSection
	GlobalSection(SolutionProperties) = preSolution
		HideSolutionNode = FALSE
	EndGlobalSection
EndGlobal
